
Microsoft Visual Studio Solution File, Format Version 12.00
Project("{2150E333-8FDC-42A3-9474-1A3956D46DE8}") = "Core", "Core", "{8B5E1CFB-61FF-4B04-AD4A-60BE6ECF88A7}"
EndProject
Project("{2150E333-8FDC-42A3-9474-1A3956D46DE8}") = "Shell", "Shell", "{EC157236-9906-43E8-A161-004A2630CF4A}"
EndProject
Project("{FAE04EC0-301F-11D3-BF4B-00C04F79EFBC}") = "Tooling", "Core\Tooling\Tooling.csproj", "{62654AEC-37F9-4DE4-973E-A4B265442E69}"
EndProject
Project("{FAE04EC0-301F-11D3-BF4B-00C04F79EFBC}") = "Core", "Core\Core\Core.csproj", "{A1F9D60A-FC86-4DB8-BABD-D523C0779ADB}"
EndProject
Project("{FAE04EC0-301F-11D3-BF4B-00C04F79EFBC}") = "PathTracing", "Core\PathTracing\PathTracing.csproj", "{6611DB2A-A679-47C8-9F3C-6A6F59745302}"
EndProject
Project("{FAE04EC0-301F-11D3-BF4B-00C04F79EFBC}") = "PpmImage", "PpmImage\PpmImage.csproj", "{DBA45EBC-2CD0-4109-BA63-76CF3902B190}"
EndProject
Project("{FAE04EC0-301F-11D3-BF4B-00C04F79EFBC}") = "UnitTests", "UnitTests\UnitTests.csproj", "{9DC6E937-A310-4C95-BB7F-F7E0D2C69812}"
EndProject
Project("{FAE04EC0-301F-11D3-BF4B-00C04F79EFBC}") = "CLI", "Shell\CLI\CLI.csproj", "{D79DE8AB-7B30-4407-8CCB-5658156D7DF4}"
EndProject
Global
	GlobalSection(SolutionConfigurationPlatforms) = preSolution
		Debug|Any CPU = Debug|Any CPU
		Release|Any CPU = Release|Any CPU
	EndGlobalSection
	GlobalSection(ProjectConfigurationPlatforms) = postSolution
		{62654AEC-37F9-4DE4-973E-A4B265442E69}.Debug|Any CPU.ActiveCfg = Debug|Any CPU
		{62654AEC-37F9-4DE4-973E-A4B265442E69}.Debug|Any CPU.Build.0 = Debug|Any CPU
		{62654AEC-37F9-4DE4-973E-A4B265442E69}.Release|Any CPU.ActiveCfg = Release|Any CPU
		{62654AEC-37F9-4DE4-973E-A4B265442E69}.Release|Any CPU.Build.0 = Release|Any CPU
		{A1F9D60A-FC86-4DB8-BABD-D523C0779ADB}.Debug|Any CPU.ActiveCfg = Debug|Any CPU
		{A1F9D60A-FC86-4DB8-BABD-D523C0779ADB}.Debug|Any CPU.Build.0 = Debug|Any CPU
		{A1F9D60A-FC86-4DB8-BABD-D523C0779ADB}.Release|Any CPU.ActiveCfg = Release|Any CPU
		{A1F9D60A-FC86-4DB8-BABD-D523C0779ADB}.Release|Any CPU.Build.0 = Release|Any CPU
		{6611DB2A-A679-47C8-9F3C-6A6F59745302}.Debug|Any CPU.ActiveCfg = Debug|Any CPU
		{6611DB2A-A679-47C8-9F3C-6A6F59745302}.Debug|Any CPU.Build.0 = Debug|Any CPU
		{6611DB2A-A679-47C8-9F3C-6A6F59745302}.Release|Any CPU.ActiveCfg = Release|Any CPU
		{6611DB2A-A679-47C8-9F3C-6A6F59745302}.Release|Any CPU.Build.0 = Release|Any CPU
		{DBA45EBC-2CD0-4109-BA63-76CF3902B190}.Debug|Any CPU.ActiveCfg = Debug|Any CPU
		{DBA45EBC-2CD0-4109-BA63-76CF3902B190}.Debug|Any CPU.Build.0 = Debug|Any CPU
		{DBA45EBC-2CD0-4109-BA63-76CF3902B190}.Release|Any CPU.ActiveCfg = Release|Any CPU
		{DBA45EBC-2CD0-4109-BA63-76CF3902B190}.Release|Any CPU.Build.0 = Release|Any CPU
		{9DC6E937-A310-4C95-BB7F-F7E0D2C69812}.Debug|Any CPU.ActiveCfg = Debug|Any CPU
		{9DC6E937-A310-4C95-BB7F-F7E0D2C69812}.Debug|Any CPU.Build.0 = Debug|Any CPU
		{9DC6E937-A310-4C95-BB7F-F7E0D2C69812}.Release|Any CPU.ActiveCfg = Release|Any CPU
		{9DC6E937-A310-4C95-BB7F-F7E0D2C69812}.Release|Any CPU.Build.0 = Release|Any CPU
		{D79DE8AB-7B30-4407-8CCB-5658156D7DF4}.Debug|Any CPU.ActiveCfg = Debug|Any CPU
		{D79DE8AB-7B30-4407-8CCB-5658156D7DF4}.Debug|Any CPU.Build.0 = Debug|Any CPU
		{D79DE8AB-7B30-4407-8CCB-5658156D7DF4}.Release|Any CPU.ActiveCfg = Release|Any CPU
		{D79DE8AB-7B30-4407-8CCB-5658156D7DF4}.Release|Any CPU.Build.0 = Release|Any CPU
	EndGlobalSection
	GlobalSection(NestedProjects) = preSolution
		{62654AEC-37F9-4DE4-973E-A4B265442E69} = {8B5E1CFB-61FF-4B04-AD4A-60BE6ECF88A7}
		{A1F9D60A-FC86-4DB8-BABD-D523C0779ADB} = {8B5E1CFB-61FF-4B04-AD4A-60BE6ECF88A7}
		{6611DB2A-A679-47C8-9F3C-6A6F59745302} = {8B5E1CFB-61FF-4B04-AD4A-60BE6ECF88A7}
		{DBA45EBC-2CD0-4109-BA63-76CF3902B190} = {EC157236-9906-43E8-A161-004A2630CF4A}
		{D79DE8AB-7B30-4407-8CCB-5658156D7DF4} = {EC157236-9906-43E8-A161-004A2630CF4A}
	EndGlobalSection
EndGlobal
